
Microsoft Visual Studio Solution File, Format Version 12.00
# Visual Studio Version 17
VisualStudioVersion = 17.4.33213.308
MinimumVisualStudioVersion = 10.0.40219.1
Project("{9A19103F-16F7-4668-BE54-9A1E7A4F7556}") = "Umfg.Apresentacao", "Umfg.Web.Api.ProgramacaoIV.27.04.2023\Umfg.Apresentacao.csproj", "{21A3F9BB-51C8-4F04-8F25-B86E7C1028E5}"
EndProject
Global
	GlobalSection(SolutionConfigurationPlatforms) = preSolution
		Debug|Any CPU = Debug|Any CPU
		Release|Any CPU = Release|Any CPU
	EndGlobalSection
	GlobalSection(ProjectConfigurationPlatforms) = postSolution
		{21A3F9BB-51C8-4F04-8F25-B86E7C1028E5}.Debug|Any CPU.ActiveCfg = Debug|Any CPU
		{21A3F9BB-51C8-4F04-8F25-B86E7C1028E5}.Debug|Any CPU.Build.0 = Debug|Any CPU
		{21A3F9BB-51C8-4F04-8F25-B86E7C1028E5}.Release|Any CPU.ActiveCfg = Release|Any CPU
		{21A3F9BB-51C8-4F04-8F25-B86E7C1028E5}.Release|Any CPU.Build.0 = Release|Any CPU
	EndGlobalSection
	GlobalSection(SolutionProperties) = preSolution
		HideSolutionNode = FALSE
	EndGlobalSection
	GlobalSection(ExtensibilityGlobals) = postSolution
		SolutionGuid = {F95BFCF6-8E28-4990-802B-CCF04B1C9630}
	EndGlobalSection
EndGlobal
